
Microsoft Visual Studio Solution File, Format Version 12.00
# Visual Studio Version 17
VisualStudioVersion = 17.4.33122.133
MinimumVisualStudioVersion = 10.0.40219.1
Project("{FAE04EC0-301F-11D3-BF4B-00C04F79EFBC}") = "ContosoRecipes", "ContosoRecipes\ContosoRecipes.csproj", "{94B62366-EDE8-4ED7-911D-195D3D265DBC}"
EndProject
Global
	GlobalSection(SolutionConfigurationPlatforms) = preSolution
		Debug|Any CPU = Debug|Any CPU
		Release|Any CPU = Release|Any CPU
	EndGlobalSection
	GlobalSection(ProjectConfigurationPlatforms) = postSolution
		{94B62366-EDE8-4ED7-911D-195D3D265DBC}.Debug|Any CPU.ActiveCfg = Debug|Any CPU
		{94B62366-EDE8-4ED7-911D-195D3D265DBC}.Debug|Any CPU.Build.0 = Debug|Any CPU
		{94B62366-EDE8-4ED7-911D-195D3D265DBC}.Release|Any CPU.ActiveCfg = Release|Any CPU
		{94B62366-EDE8-4ED7-911D-195D3D265DBC}.Release|Any CPU.Build.0 = Release|Any CPU
	EndGlobalSection
	GlobalSection(SolutionProperties) = preSolution
		HideSolutionNode = FALSE
	EndGlobalSection
	GlobalSection(ExtensibilityGlobals) = postSolution
		SolutionGuid = {6E85EC8A-A8CC-433B-9A57-50B859C14F90}
	EndGlobalSection
EndGlobal
